// !$*UTF8*$!
{
	archiveVersion = 1;
	classes = {
	};
	objectVersion = 46;
	objects = {

/* Begin PBXBuildFile section */
		A803B0FF1E746E0200F6B0D4 /* Assets.xcassets in Resources */ = {isa = PBXBuildFile; fileRef = A803B0F71E746E0200F6B0D4 /* Assets.xcassets */; };
		A803B1001E746E0200F6B0D4 /* LaunchScreen.storyboard in Resources */ = {isa = PBXBuildFile; fileRef = A803B0F81E746E0200F6B0D4 /* LaunchScreen.storyboard */; };
		A803B1021E746E0200F6B0D4 /* Wake___Act.xcdatamodeld in Sources */ = {isa = PBXBuildFile; fileRef = A803B0FC1E746E0200F6B0D4 /* Wake___Act.xcdatamodeld */; };
		A803B1061E746E0700F6B0D4 /* WAAppController.swift in Sources */ = {isa = PBXBuildFile; fileRef = A803B1041E746E0700F6B0D4 /* WAAppController.swift */; };
		A803B10B1E746F0000F6B0D4 /* WABaseNavigationController.swift in Sources */ = {isa = PBXBuildFile; fileRef = A803B10A1E746F0000F6B0D4 /* WABaseNavigationController.swift */; };
		A803B10D1E746F1200F6B0D4 /* WABaseViewController.swift in Sources */ = {isa = PBXBuildFile; fileRef = A803B10C1E746F1200F6B0D4 /* WABaseViewController.swift */; };
		A803B10F1E746F6600F6B0D4 /* Initialization.storyboard in Resources */ = {isa = PBXBuildFile; fileRef = A803B10E1E746F6600F6B0D4 /* Initialization.storyboard */; };
		A803B1121E7471B000F6B0D4 /* ChameleonFramework.framework in Frameworks */ = {isa = PBXBuildFile; fileRef = A803B1101E7471B000F6B0D4 /* ChameleonFramework.framework */; };
		A803B1131E7471B000F6B0D4 /* SwiftyUserDefaults.framework in Frameworks */ = {isa = PBXBuildFile; fileRef = A803B1111E7471B000F6B0D4 /* SwiftyUserDefaults.framework */; };
		A803B1161E7472BE00F6B0D4 /* WAInitializationNavigationController.swift in Sources */ = {isa = PBXBuildFile; fileRef = A803B1151E7472BE00F6B0D4 /* WAInitializationNavigationController.swift */; };
		A803B11A1E7473FF00F6B0D4 /* WAManagedObjectContext.swift in Sources */ = {isa = PBXBuildFile; fileRef = A803B1191E7473FF00F6B0D4 /* WAManagedObjectContext.swift */; };
		C4C983F4A9ECE45DD03887F0 /* Pods_Wake___Act.framework in Frameworks */ = {isa = PBXBuildFile; fileRef = 7F2B75E4E8A124DE3B3A7CB4 /* Pods_Wake___Act.framework */; };
/* End PBXBuildFile section */

/* Begin PBXFileReference section */
		6FBA4EB5280F5336DC4A8C51 /* Pods-Wake & Act.debug.xcconfig */ = {isa = PBXFileReference; includeInIndex = 1; lastKnownFileType = text.xcconfig; name = "Pods-Wake & Act.debug.xcconfig"; path = "Pods/Target Support Files/Pods-Wake & Act/Pods-Wake & Act.debug.xcconfig"; sourceTree = "<group>"; };
		7F2B75E4E8A124DE3B3A7CB4 /* Pods_Wake___Act.framework */ = {isa = PBXFileReference; explicitFileType = wrapper.framework; includeInIndex = 0; path = "Pods_Wake___Act.framework"; sourceTree = BUILT_PRODUCTS_DIR; };
		A803B0DC1E746DAB00F6B0D4 /* Wake & Act.app */ = {isa = PBXFileReference; explicitFileType = wrapper.application; includeInIndex = 0; path = "Wake & Act.app"; sourceTree = BUILT_PRODUCTS_DIR; };
		A803B0F51E746E0200F6B0D4 /* Info.plist */ = {isa = PBXFileReference; fileEncoding = 4; lastKnownFileType = text.plist.xml; path = Info.plist; sourceTree = "<group>"; };
		A803B0F71E746E0200F6B0D4 /* Assets.xcassets */ = {isa = PBXFileReference; lastKnownFileType = folder.assetcatalog; path = Assets.xcassets; sourceTree = "<group>"; };
		A803B0F91E746E0200F6B0D4 /* Base */ = {isa = PBXFileReference; lastKnownFileType = file.storyboard; name = Base; path = Base.lproj/LaunchScreen.storyboard; sourceTree = "<group>"; };
		A803B0FD1E746E0200F6B0D4 /* Wake___Act.xcdatamodel */ = {isa = PBXFileReference; lastKnownFileType = wrapper.xcdatamodel; path = "Wake___Act.xcdatamodel"; sourceTree = "<group>"; };
		A803B1041E746E0700F6B0D4 /* WAAppController.swift */ = {isa = PBXFileReference; fileEncoding = 4; lastKnownFileType = sourcecode.swift; path = WAAppController.swift; sourceTree = "<group>"; };
		A803B10A1E746F0000F6B0D4 /* WABaseNavigationController.swift */ = {isa = PBXFileReference; fileEncoding = 4; lastKnownFileType = sourcecode.swift; path = WABaseNavigationController.swift; sourceTree = "<group>"; };
		A803B10C1E746F1200F6B0D4 /* WABaseViewController.swift */ = {isa = PBXFileReference; fileEncoding = 4; lastKnownFileType = sourcecode.swift; path = WABaseViewController.swift; sourceTree = "<group>"; };
		A803B10E1E746F6600F6B0D4 /* Initialization.storyboard */ = {isa = PBXFileReference; fileEncoding = 4; lastKnownFileType = file.storyboard; path = Initialization.storyboard; sourceTree = "<group>"; };
		A803B1101E7471B000F6B0D4 /* ChameleonFramework.framework */ = {isa = PBXFileReference; lastKnownFileType = wrapper.framework; name = ChameleonFramework.framework; path = "../../../Library/Developer/Xcode/DerivedData/Wake_&_Act-flfvxokqutqnfwboxyetzaxnuigs/Build/Products/Debug-iphonesimulator/ChameleonFramework/ChameleonFramework.framework"; sourceTree = "<group>"; };
		A803B1111E7471B000F6B0D4 /* SwiftyUserDefaults.framework */ = {isa = PBXFileReference; lastKnownFileType = wrapper.framework; name = SwiftyUserDefaults.framework; path = "../../../Library/Developer/Xcode/DerivedData/Wake_&_Act-flfvxokqutqnfwboxyetzaxnuigs/Build/Products/Debug-iphonesimulator/SwiftyUserDefaults/SwiftyUserDefaults.framework"; sourceTree = "<group>"; };
		A803B1151E7472BE00F6B0D4 /* WAInitializationNavigationController.swift */ = {isa = PBXFileReference; fileEncoding = 4; lastKnownFileType = sourcecode.swift; path = WAInitializationNavigationController.swift; sourceTree = "<group>"; };
		A803B1191E7473FF00F6B0D4 /* WAManagedObjectContext.swift */ = {isa = PBXFileReference; fileEncoding = 4; lastKnownFileType = sourcecode.swift; path = WAManagedObjectContext.swift; sourceTree = "<group>"; };
		B51BC23A6C7AC08259211B5C /* Pods-Wake & Act.release.xcconfig */ = {isa = PBXFileReference; includeInIndex = 1; lastKnownFileType = text.xcconfig; name = "Pods-Wake & Act.release.xcconfig"; path = "Pods/Target Support Files/Pods-Wake & Act/Pods-Wake & Act.release.xcconfig"; sourceTree = "<group>"; };
/* End PBXFileReference section */

/* Begin PBXFrameworksBuildPhase section */
		A803B0D91E746DAA00F6B0D4 /* Frameworks */ = {
			isa = PBXFrameworksBuildPhase;
			buildActionMask = 2147483647;
			files = (
				A803B1121E7471B000F6B0D4 /* ChameleonFramework.framework in Frameworks */,
				A803B1131E7471B000F6B0D4 /* SwiftyUserDefaults.framework in Frameworks */,
				C4C983F4A9ECE45DD03887F0 /* Pods_Wake___Act.framework in Frameworks */,
			);
			runOnlyForDeploymentPostprocessing = 0;
		};
/* End PBXFrameworksBuildPhase section */

/* Begin PBXGroup section */
		7F6C607A97DF8C79CF9856C0 /* Frameworks */ = {
			isa = PBXGroup;
			children = (
				A803B1101E7471B000F6B0D4 /* ChameleonFramework.framework */,
				A803B1111E7471B000F6B0D4 /* SwiftyUserDefaults.framework */,
				7F2B75E4E8A124DE3B3A7CB4 /* Pods_Wake___Act.framework */,
			);
			name = Frameworks;
			sourceTree = "<group>";
		};
		8C3844A09A251BC35F5BB454 /* Pods */ = {
			isa = PBXGroup;
			children = (
				6FBA4EB5280F5336DC4A8C51 /* Pods-Wake & Act.debug.xcconfig */,
				B51BC23A6C7AC08259211B5C /* Pods-Wake & Act.release.xcconfig */,
			);
			name = Pods;
			sourceTree = "<group>";
		};
		A803B0D31E746DAA00F6B0D4 = {
			isa = PBXGroup;
			children = (
				A803B0DE1E746DAB00F6B0D4 /* Wake & Act */,
				A803B0DD1E746DAB00F6B0D4 /* Products */,
				8C3844A09A251BC35F5BB454 /* Pods */,
				7F6C607A97DF8C79CF9856C0 /* Frameworks */,
			);
			sourceTree = "<group>";
		};
		A803B0DD1E746DAB00F6B0D4 /* Products */ = {
			isa = PBXGroup;
			children = (
				A803B0DC1E746DAB00F6B0D4 /* Wake & Act.app */,
			);
			name = Products;
			sourceTree = "<group>";
		};
		A803B0DE1E746DAB00F6B0D4 /* Wake & Act */ = {
			isa = PBXGroup;
			children = (
				A803B0F41E746E0200F6B0D4 /* Resources */,
				A803B1031E746E0700F6B0D4 /* Sources */,
			);
			path = "Wake & Act";
			sourceTree = "<group>";
		};
		A803B0F41E746E0200F6B0D4 /* Resources */ = {
			isa = PBXGroup;
			children = (
				A803B0F61E746E0200F6B0D4 /* UI */,
				A803B0F51E746E0200F6B0D4 /* Info.plist */,
				A803B0FC1E746E0200F6B0D4 /* Wake___Act.xcdatamodeld */,
			);
			path = Resources;
			sourceTree = "<group>";
		};
		A803B0F61E746E0200F6B0D4 /* UI */ = {
			isa = PBXGroup;
			children = (
				A803B1171E74732800F6B0D4 /* Storyboard */,
				A803B0F71E746E0200F6B0D4 /* Assets.xcassets */,
			);
			path = UI;
			sourceTree = "<group>";
		};
		A803B1031E746E0700F6B0D4 /* Sources */ = {
			isa = PBXGroup;
			children = (
				A803B1181E74738E00F6B0D4 /* Core Data */,
				A803B1141E74729800F6B0D4 /* Initialization */,
				A803B1081E746ED100F6B0D4 /* Base */,
			);
			path = Sources;
			sourceTree = "<group>";
		};
		A803B1081E746ED100F6B0D4 /* Base */ = {
			isa = PBXGroup;
			children = (
				A803B1091E746ED700F6B0D4 /* Application */,
				A803B10A1E746F0000F6B0D4 /* WABaseNavigationController.swift */,
				A803B10C1E746F1200F6B0D4 /* WABaseViewController.swift */,
			);
			name = Base;
			sourceTree = "<group>";
		};
		A803B1091E746ED700F6B0D4 /* Application */ = {
			isa = PBXGroup;
			children = (
				A803B1041E746E0700F6B0D4 /* WAAppController.swift */,
			);
			name = Application;
			sourceTree = "<group>";
		};
		A803B1141E74729800F6B0D4 /* Initialization */ = {
			isa = PBXGroup;
			children = (
				A803B1151E7472BE00F6B0D4 /* WAInitializationNavigationController.swift */,
			);
			name = Initialization;
			sourceTree = "<group>";
		};
		A803B1171E74732800F6B0D4 /* Storyboard */ = {
			isa = PBXGroup;
			children = (
				A803B0F81E746E0200F6B0D4 /* LaunchScreen.storyboard */,
				A803B10E1E746F6600F6B0D4 /* Initialization.storyboard */,
			);
			name = Storyboard;
			sourceTree = "<group>";
		};
		A803B1181E74738E00F6B0D4 /* Core Data */ = {
			isa = PBXGroup;
			children = (
				A803B1191E7473FF00F6B0D4 /* WAManagedObjectContext.swift */,
			);
			name = "Core Data";
			sourceTree = "<group>";
		};
/* End PBXGroup section */

/* Begin PBXNativeTarget section */
		A803B0DB1E746DAA00F6B0D4 /* Wake & Act */ = {
			isa = PBXNativeTarget;
			buildConfigurationList = A803B0F11E746DAB00F6B0D4 /* Build configuration list for PBXNativeTarget "Wake & Act" */;
			buildPhases = (
				563AF15F627E17EA364CEBD6 /* [CP] Check Pods Manifest.lock */,
				A803B0D81E746DAA00F6B0D4 /* Sources */,
				A803B0D91E746DAA00F6B0D4 /* Frameworks */,
				A803B0DA1E746DAA00F6B0D4 /* Resources */,
				C85D4B1FFAA7124373F0240D /* [CP] Embed Pods Frameworks */,
				589F1FD801F48CB4DBD97DD4 /* [CP] Copy Pods Resources */,
			);
			buildRules = (
			);
			dependencies = (
			);
			name = "Wake & Act";
			productName = "Wake & Act";
			productReference = A803B0DC1E746DAB00F6B0D4 /* Wake & Act.app */;
			productType = "com.apple.product-type.application";
		};
/* End PBXNativeTarget section */

/* Begin PBXProject section */
		A803B0D41E746DAA00F6B0D4 /* Project object */ = {
			isa = PBXProject;
			attributes = {
				LastSwiftUpdateCheck = 0820;
				LastUpgradeCheck = 0820;
				ORGANIZATIONNAME = "Nick Baidikoff";
				TargetAttributes = {
					A803B0DB1E746DAA00F6B0D4 = {
						CreatedOnToolsVersion = 8.2.1;
						DevelopmentTeam = 76LJ97E96C;
						ProvisioningStyle = Automatic;
					};
				};
			};
			buildConfigurationList = A803B0D71E746DAA00F6B0D4 /* Build configuration list for PBXProject "Wake & Act" */;
			compatibilityVersion = "Xcode 3.2";
			developmentRegion = English;
			hasScannedForEncodings = 0;
			knownRegions = (
				en,
				Base,
			);
			mainGroup = A803B0D31E746DAA00F6B0D4;
			productRefGroup = A803B0DD1E746DAB00F6B0D4 /* Products */;
			projectDirPath = "";
			projectRoot = "";
			targets = (
				A803B0DB1E746DAA00F6B0D4 /* Wake & Act */,
			);
		};
/* End PBXProject section */

/* Begin PBXResourcesBuildPhase section */
		A803B0DA1E746DAA00F6B0D4 /* Resources */ = {
			isa = PBXResourcesBuildPhase;
			buildActionMask = 2147483647;
			files = (
				A803B10F1E746F6600F6B0D4 /* Initialization.storyboard in Resources */,
				A803B1001E746E0200F6B0D4 /* LaunchScreen.storyboard in Resources */,
				A803B0FF1E746E0200F6B0D4 /* Assets.xcassets in Resources */,
			);
			runOnlyForDeploymentPostprocessing = 0;
		};
/* End PBXResourcesBuildPhase section */

/* Begin PBXShellScriptBuildPhase section */
		563AF15F627E17EA364CEBD6 /* [CP] Check Pods Manifest.lock */ = {
			isa = PBXShellScriptBuildPhase;
			buildActionMask = 2147483647;
			files = (
			);
			inputPaths = (
			);
			name = "[CP] Check Pods Manifest.lock";
			outputPaths = (
			);
			runOnlyForDeploymentPostprocessing = 0;
			shellPath = /bin/sh;
			shellScript = "diff \"${PODS_ROOT}/../Podfile.lock\" \"${PODS_ROOT}/Manifest.lock\" > /dev/null\nif [ $? != 0 ] ; then\n    # print error to STDERR\n    echo \"error: The sandbox is not in sync with the Podfile.lock. Run 'pod install' or update your CocoaPods installation.\" >&2\n    exit 1\nfi\n";
			showEnvVarsInLog = 0;
		};
		589F1FD801F48CB4DBD97DD4 /* [CP] Copy Pods Resources */ = {
			isa = PBXShellScriptBuildPhase;
			buildActionMask = 2147483647;
			files = (
			);
			inputPaths = (
			);
			name = "[CP] Copy Pods Resources";
			outputPaths = (
			);
			runOnlyForDeploymentPostprocessing = 0;
			shellPath = /bin/sh;
			shellScript = "\"${SRCROOT}/Pods/Target Support Files/Pods-Wake & Act/Pods-Wake & Act-resources.sh\"\n";
			showEnvVarsInLog = 0;
		};
		C85D4B1FFAA7124373F0240D /* [CP] Embed Pods Frameworks */ = {
			isa = PBXShellScriptBuildPhase;
			buildActionMask = 2147483647;
			files = (
			);
			inputPaths = (
			);
			name = "[CP] Embed Pods Frameworks";
			outputPaths = (
			);
			runOnlyForDeploymentPostprocessing = 0;
			shellPath = /bin/sh;
			shellScript = "\"${SRCROOT}/Pods/Target Support Files/Pods-Wake & Act/Pods-Wake & Act-frameworks.sh\"\n";
			showEnvVarsInLog = 0;
		};
/* End PBXShellScriptBuildPhase section */

/* Begin PBXSourcesBuildPhase section */
		A803B0D81E746DAA00F6B0D4 /* Sources */ = {
			isa = PBXSourcesBuildPhase;
			buildActionMask = 2147483647;
			files = (
				A803B1061E746E0700F6B0D4 /* WAAppController.swift in Sources */,
				A803B1021E746E0200F6B0D4 /* Wake___Act.xcdatamodeld in Sources */,
				A803B11A1E7473FF00F6B0D4 /* WAManagedObjectContext.swift in Sources */,
				A803B10B1E746F0000F6B0D4 /* WABaseNavigationController.swift in Sources */,
				A803B10D1E746F1200F6B0D4 /* WABaseViewController.swift in Sources */,
				A803B1161E7472BE00F6B0D4 /* WAInitializationNavigationController.swift in Sources */,
			);
			runOnlyForDeploymentPostprocessing = 0;
		};
/* End PBXSourcesBuildPhase section */

/* Begin PBXVariantGroup section */
		A803B0F81E746E0200F6B0D4 /* LaunchScreen.storyboard */ = {
			isa = PBXVariantGroup;
			children = (
				A803B0F91E746E0200F6B0D4 /* Base */,
			);
			name = LaunchScreen.storyboard;
			sourceTree = "<group>";
		};
/* End PBXVariantGroup section */

/* Begin XCBuildConfiguration section */
		A803B0EF1E746DAB00F6B0D4 /* Debug */ = {
			isa = XCBuildConfiguration;
			buildSettings = {
				ALWAYS_SEARCH_USER_PATHS = NO;
				CLANG_ANALYZER_NONNULL = YES;
				CLANG_CXX_LANGUAGE_STANDARD = "gnu++0x";
				CLANG_CXX_LIBRARY = "libc++";
				CLANG_ENABLE_MODULES = YES;
				CLANG_ENABLE_OBJC_ARC = YES;
				CLANG_WARN_BOOL_CONVERSION = YES;
				CLANG_WARN_CONSTANT_CONVERSION = YES;
				CLANG_WARN_DIRECT_OBJC_ISA_USAGE = YES_ERROR;
				CLANG_WARN_DOCUMENTATION_COMMENTS = YES;
				CLANG_WARN_EMPTY_BODY = YES;
				CLANG_WARN_ENUM_CONVERSION = YES;
				CLANG_WARN_INFINITE_RECURSION = YES;
				CLANG_WARN_INT_CONVERSION = YES;
				CLANG_WARN_OBJC_ROOT_CLASS = YES_ERROR;
				CLANG_WARN_SUSPICIOUS_MOVE = YES;
				CLANG_WARN_UNREACHABLE_CODE = YES;
				CLANG_WARN__DUPLICATE_METHOD_MATCH = YES;
				"CODE_SIGN_IDENTITY[sdk=iphoneos*]" = "iPhone Developer";
				COPY_PHASE_STRIP = NO;
				DEBUG_INFORMATION_FORMAT = dwarf;
				ENABLE_STRICT_OBJC_MSGSEND = YES;
				ENABLE_TESTABILITY = YES;
				GCC_C_LANGUAGE_STANDARD = gnu99;
				GCC_DYNAMIC_NO_PIC = NO;
				GCC_NO_COMMON_BLOCKS = YES;
				GCC_OPTIMIZATION_LEVEL = 0;
				GCC_PREPROCESSOR_DEFINITIONS = (
					"DEBUG=1",
					"$(inherited)",
				);
				GCC_WARN_64_TO_32_BIT_CONVERSION = YES;
				GCC_WARN_ABOUT_RETURN_TYPE = YES_ERROR;
				GCC_WARN_UNDECLARED_SELECTOR = YES;
				GCC_WARN_UNINITIALIZED_AUTOS = YES_AGGRESSIVE;
				GCC_WARN_UNUSED_FUNCTION = YES;
				GCC_WARN_UNUSED_VARIABLE = YES;
				IPHONEOS_DEPLOYMENT_TARGET = 10.2;
				MTL_ENABLE_DEBUG_INFO = YES;
				ONLY_ACTIVE_ARCH = YES;
				SDKROOT = iphoneos;
				SWIFT_ACTIVE_COMPILATION_CONDITIONS = DEBUG;
				SWIFT_OPTIMIZATION_LEVEL = "-Onone";
			};
			name = Debug;
		};
		A803B0F01E746DAB00F6B0D4 /* Release */ = {
			isa = XCBuildConfiguration;
			buildSettings = {
				ALWAYS_SEARCH_USER_PATHS = NO;
				CLANG_ANALYZER_NONNULL = YES;
				CLANG_CXX_LANGUAGE_STANDARD = "gnu++0x";
				CLANG_CXX_LIBRARY = "libc++";
				CLANG_ENABLE_MODULES = YES;
				CLANG_ENABLE_OBJC_ARC = YES;
				CLANG_WARN_BOOL_CONVERSION = YES;
				CLANG_WARN_CONSTANT_CONVERSION = YES;
				CLANG_WARN_DIRECT_OBJC_ISA_USAGE = YES_ERROR;
				CLANG_WARN_DOCUMENTATION_COMMENTS = YES;
				CLANG_WARN_EMPTY_BODY = YES;
				CLANG_WARN_ENUM_CONVERSION = YES;
				CLANG_WARN_INFINITE_RECURSION = YES;
				CLANG_WARN_INT_CONVERSION = YES;
				CLANG_WARN_OBJC_ROOT_CLASS = YES_ERROR;
				CLANG_WARN_SUSPICIOUS_MOVE = YES;
				CLANG_WARN_UNREACHABLE_CODE = YES;
				CLANG_WARN__DUPLICATE_METHOD_MATCH = YES;
				"CODE_SIGN_IDENTITY[sdk=iphoneos*]" = "iPhone Developer";
				COPY_PHASE_STRIP = NO;
				DEBUG_INFORMATION_FORMAT = "dwarf-with-dsym";
				ENABLE_NS_ASSERTIONS = NO;
				ENABLE_STRICT_OBJC_MSGSEND = YES;
				GCC_C_LANGUAGE_STANDARD = gnu99;
				GCC_NO_COMMON_BLOCKS = YES;
				GCC_WARN_64_TO_32_BIT_CONVERSION = YES;
				GCC_WARN_ABOUT_RETURN_TYPE = YES_ERROR;
				GCC_WARN_UNDECLARED_SELECTOR = YES;
				GCC_WARN_UNINITIALIZED_AUTOS = YES_AGGRESSIVE;
				GCC_WARN_UNUSED_FUNCTION = YES;
				GCC_WARN_UNUSED_VARIABLE = YES;
				IPHONEOS_DEPLOYMENT_TARGET = 10.2;
				MTL_ENABLE_DEBUG_INFO = NO;
				SDKROOT = iphoneos;
				SWIFT_OPTIMIZATION_LEVEL = "-Owholemodule";
				VALIDATE_PRODUCT = YES;
			};
			name = Release;
		};
		A803B0F21E746DAB00F6B0D4 /* Debug */ = {
			isa = XCBuildConfiguration;
			baseConfigurationReference = 6FBA4EB5280F5336DC4A8C51 /* Pods-Wake & Act.debug.xcconfig */;
			buildSettings = {
				ASSETCATALOG_COMPILER_APPICON_NAME = AppIcon;
				DEVELOPMENT_TEAM = 76LJ97E96C;
				INFOPLIST_FILE = "$(SRCROOT)/Wake & Act/Resources/Info.plist";
				IPHONEOS_DEPLOYMENT_TARGET = 9.0;
				LD_RUNPATH_SEARCH_PATHS = "$(inherited) @executable_path/Frameworks";
				PRODUCT_BUNDLE_IDENTIFIER = com.baidikoff.wakenact;
				PRODUCT_NAME = "$(TARGET_NAME)";
				SWIFT_VERSION = 3.0;
			};
			name = Debug;
		};
		A803B0F31E746DAB00F6B0D4 /* Release */ = {
			isa = XCBuildConfiguration;
			baseConfigurationReference = B51BC23A6C7AC08259211B5C /* Pods-Wake & Act.release.xcconfig */;
			buildSettings = {
				ASSETCATALOG_COMPILER_APPICON_NAME = AppIcon;
				DEVELOPMENT_TEAM = 76LJ97E96C;
				INFOPLIST_FILE = "$(SRCROOT)/Wake & Act/Resources/Info.plist";
				IPHONEOS_DEPLOYMENT_TARGET = 9.0;
				LD_RUNPATH_SEARCH_PATHS = "$(inherited) @executable_path/Frameworks";
				PRODUCT_BUNDLE_IDENTIFIER = com.baidikoff.wakenact;
				PRODUCT_NAME = "$(TARGET_NAME)";
				SWIFT_VERSION = 3.0;
			};
			name = Release;
		};
/* End XCBuildConfiguration section */

/* Begin XCConfigurationList section */
		A803B0D71E746DAA00F6B0D4 /* Build configuration list for PBXProject "Wake & Act" */ = {
			isa = XCConfigurationList;
			buildConfigurations = (
				A803B0EF1E746DAB00F6B0D4 /* Debug */,
				A803B0F01E746DAB00F6B0D4 /* Release */,
			);
			defaultConfigurationIsVisible = 0;
			defaultConfigurationName = Release;
		};
		A803B0F11E746DAB00F6B0D4 /* Build configuration list for PBXNativeTarget "Wake & Act" */ = {
			isa = XCConfigurationList;
			buildConfigurations = (
				A803B0F21E746DAB00F6B0D4 /* Debug */,
				A803B0F31E746DAB00F6B0D4 /* Release */,
			);
			defaultConfigurationIsVisible = 0;
			defaultConfigurationName = Release;
		};
/* End XCConfigurationList section */

/* Begin XCVersionGroup section */
		A803B0FC1E746E0200F6B0D4 /* Wake___Act.xcdatamodeld */ = {
			isa = XCVersionGroup;
			children = (
				A803B0FD1E746E0200F6B0D4 /* Wake___Act.xcdatamodel */,
			);
			currentVersion = A803B0FD1E746E0200F6B0D4 /* Wake___Act.xcdatamodel */;
			path = "Wake___Act.xcdatamodeld";
			sourceTree = "<group>";
			versionGroupType = wrapper.xcdatamodel;
		};
/* End XCVersionGroup section */
	};
	rootObject = A803B0D41E746DAA00F6B0D4 /* Project object */;
}
